%{
  "bear": {:git, "https://github.com/boundary/bear.git", "119234548783af19b8ec75c879c5062676b92571", [tag: "0.8.2"]},
  "buoy": {:git, "https://github.com/lpgauth/buoy.git", "b65c06ffc732b2bac3a73211dfe4ad4579ea0706", []},
  "castore": {:hex, :castore, "0.1.5", "591c763a637af2cc468a72f006878584bc6c306f8d111ef8ba1d4c10e0684010", [:mix], [], "hexpm", "6db356b2bc6cc22561e051ff545c20ad064af57647e436650aa24d7d06cd941a"},
  "certifi": {:hex, :certifi, "2.5.1", "867ce347f7c7d78563450a18a6a28a8090331e77fa02380b4a21962a65d36ee5", [:rebar3], [{:parse_trans, "~>3.3", [hex: :parse_trans, repo: "hexpm", optional: false]}], "hexpm", "805abd97539caf89ec6d4732c91e62ba9da0cda51ac462380bbd28ee697a8c42"},
  "cowboy": {:hex, :cowboy, "2.5.0", "4ef3ae066ee10fe01ea3272edc8f024347a0d3eb95f6fbb9aed556dacbfc1337", [:rebar3], [{:cowlib, "~> 2.6.0", [hex: :cowlib, repo: "hexpm", optional: false]}, {:ranch, "~> 1.6.2", [hex: :ranch, repo: "hexpm", optional: false]}], "hexpm", "07763d253314bd76017157e3a33e2cd32c1500e0ecf7ceb4e80aa09d2939aa30"},
  "cowlib": {:hex, :cowlib, "2.6.0", "8aa629f81a0fc189f261dc98a42243fa842625feea3c7ec56c48f4ccdb55490f", [:rebar3], [], "hexpm", "45a1a08e05e4c66f2af665295955e337d52c2d33b1f1cf24d353cadeddf34992"},
  "dispcount": {:git, "https://github.com/ferd/dispcount.git", "192139f5c1bbd32245f3986d4b1bfd1e7c1ddf9f", [ref: "1.0.2"]},
  "dlhttpc": {:git, "https://github.com/ferd/dlhttpc.git", "10726522af5a5df2ada91bb7c08fcfcc62fb7a4d", []},
  "edown": {:git, "https://github.com/uwiger/edown.git", "754be25f71a04099c83f3ffdff268e70beeb0021", [branch: "master"]},
  "finch": {:git, "https://github.com/sneako/finch.git", "62838e4ac7edaec0932e2bb3d06a790773ab95b8", [branch: "multi-pool"]},
  "foil": {:git, "https://github.com/lpgauth/foil.git", "b55c30ff8b21daf89a85d1565d4b836c7f9e549b", [tag: "0.1.2"]},
  "fqc": {:git, "https://github.com/project-fifo/fqc.git", "883013e96408f98b29d016fa094b8ac7410c364e", [branch: "master"]},
  "freedom_formatter": {:hex, :freedom_formatter, "1.0.0", "b19be4a845082d05d32bb23765e8e7bdc6d51decac13ab64ae44b0f6bf8a66d1", [:mix], [], "hexpm", "a002337e51c23d14ec10a17272d0dbca0cf03f247e4032ab202530a4f378708f"},
  "granderl": {:git, "https://github.com/tokenrove/granderl.git", "cbc9f0cc66e2da706fff37bfd0000f3f3f2bab80", [tag: "v0.1.5"]},
  "gun": {:hex, :gun, "1.3.0", "18e5d269649c987af95aec309f68a27ffc3930531dd227a6eaa0884d6684286e", [:rebar3], [{:cowlib, "~> 2.6.0", [hex: :cowlib, repo: "hexpm", optional: false]}], "hexpm", "279d089773be9886fc2ed0d0c25663cc36b8755356dfd27d63c206ab20b8329a"},
  "hackney": {:hex, :hackney, "1.15.1", "9f8f471c844b8ce395f7b6d8398139e26ddca9ebc171a8b91342ee15a19963f4", [:rebar3], [{:certifi, "2.5.1", [hex: :certifi, repo: "hexpm", optional: false]}, {:idna, "6.0.0", [hex: :idna, repo: "hexpm", optional: false]}, {:metrics, "1.0.1", [hex: :metrics, repo: "hexpm", optional: false]}, {:mimerl, "~>1.1", [hex: :mimerl, repo: "hexpm", optional: false]}, {:ssl_verify_fun, "1.1.4", [hex: :ssl_verify_fun, repo: "hexpm", optional: false]}], "hexpm", "c2790c9f0f7205f4a362512192dee8179097394400e745e4d20bab7226a8eaad"},
  "hdr_histogram": {:git, "https://github.com/HdrHistogram/hdr_histogram_erl.git", "46a4f86f3a9b72181859c2a30c8039c5d486248b", [tag: "0.3.2"]},
  "ibrowse": {:hex, :ibrowse, "4.4.1", "2b7d0637b0f8b9b4182de4bd0f2e826a4da2c9b04898b6e15659ba921a8d6ec2", [:rebar3], [], "hexpm", "1e86c591dbc6d270632625534986beca30813af7ce784e742e5fc38e342c29b3"},
  "idna": {:hex, :idna, "6.0.0", "689c46cbcdf3524c44d5f3dde8001f364cd7608a99556d8fbd8239a5798d4c10", [:rebar3], [{:unicode_util_compat, "0.4.1", [hex: :unicode_util_compat, repo: "hexpm", optional: false]}], "hexpm", "4bdd305eb64e18b0273864920695cb18d7a2021f31a11b9c5fbcd9a253f936e2"},
  "katipo": {:hex, :katipo, "0.7.3", "bc5f4774bac345ac2690b6ab866c3e60bd0520dfd521e25311b0f3b23005fc2f", [:rebar3], [{:metrics, "2.5.0", [hex: :metrics, repo: "hexpm", optional: false]}, {:worker_pool, "3.1.1", [hex: :worker_pool, repo: "hexpm", optional: false]}], "hexpm"},
  "machine_gun": {:hex, :machine_gun, "0.1.5", "c87088af87505dc1a44ac6bb5440007ec031378d2c86d5dc1e72bedd457bcd4e", [:mix], [{:gun, "~> 1.3", [hex: :gun, repo: "hexpm", optional: false]}, {:poolboy, "~> 1.5", [hex: :poolboy, repo: "hexpm", optional: false]}], "hexpm", "971e4d556a65e2954fe46a293e34a19b31e7a661e9a96486555505760d154d11"},
  "metal": {:hex, :metal, "0.1.1", "5d3d1322da7bcd34b94fed5486f577973685298883954f7a3e517ef5ef6953f5", [:rebar3], [], "hexpm", "88b82b634998a1a768dedcd372c2f7e657b19445325c0af5ccbac62c77210f1d"},
  "metrics": {:hex, :metrics, "1.0.1", "25f094dea2cda98213cecc3aeff09e940299d950904393b2a29d191c346a8486", [:rebar3], [], "hexpm", "69b09adddc4f74a40716ae54d140f93beb0fb8978d8636eaded0c31b6f099f16"},
  "mime": {:hex, :mime, "1.3.1", "30ce04ab3175b6ad0bdce0035cba77bba68b813d523d1aac73d9781b4d193cf8", [:mix], [], "hexpm", "6cbe761d6a0ca5a31a0931bf4c63204bceb64538e664a8ecf784a9a6f3b875f1"},
  "mimerl": {:hex, :mimerl, "1.2.0", "67e2d3f571088d5cfd3e550c383094b47159f3eee8ffa08e64106cdf5e981be3", [:rebar3], [], "hexpm", "f278585650aa581986264638ebf698f8bb19df297f66ad91b18910dfc6e19323"},
  "mint": {:hex, :mint, "1.0.0", "ca5ab33497ba2bdcc42f6cdd3927420a6159116be87c8173658e93c8746703da", [:mix], [{:castore, "~> 0.1.0", [hex: :castore, repo: "hexpm", optional: true]}], "hexpm", "b8943ef1e630879538dd6620bfc189d4d75fab3ad39f3fe9c50539879f7efd84"},
  "mojito": {:git, "https://github.com/appcues/mojito.git", "df82e45f61df01234543c20dfa223b4638f65a35", []},
  "nimble_pool": {:git, "https://github.com/plataformatec/nimble_pool.git", "bffb9f14e291ff61ebe6011758e6919b3025b7f7", []},
  "parse_trans": {:hex, :parse_trans, "3.3.0", "09765507a3c7590a784615cfd421d101aec25098d50b89d7aa1d66646bc571c1", [:rebar3], [], "hexpm", "17ef63abde837ad30680ea7f857dd9e7ced9476cdd7b0394432af4bfc241b960"},
  "plug": {:hex, :plug, "1.8.0", "9d2685cb007fe5e28ed9ac27af2815bc262b7817a00929ac10f56f169f43b977", [:mix], [{:mime, "~> 1.0", [hex: :mime, repo: "hexpm", optional: false]}, {:plug_crypto, "~> 1.0", [hex: :plug_crypto, repo: "hexpm", optional: false]}, {:telemetry, "~> 0.4", [hex: :telemetry, repo: "hexpm", optional: true]}], "hexpm", "4cc0099d5bffb938ee1ff78cc69f2a787d85f6c66b546f9ac2df7400b4ee1624"},
  "plug_cowboy": {:hex, :plug_cowboy, "2.0.2", "6055f16868cc4882b24b6e1d63d2bada94fb4978413377a3b32ac16c18dffba2", [:mix], [{:cowboy, "~> 2.5", [hex: :cowboy, repo: "hexpm", optional: false]}, {:plug, "~> 1.7", [hex: :plug, repo: "hexpm", optional: false]}], "hexpm", "44a58653dda2b8cf69757c7f14c0920d4df0f79305ed8571bb93b2ea0a31a895"},
  "plug_crypto": {:hex, :plug_crypto, "1.0.0", "18e49317d3fa343f24620ed22795ec29d4a5e602d52d1513ccea0b07d8ea7d4d", [:mix], [], "hexpm", "73c1682f0e414cfb5d9b95c8e8cd6ffcfdae699e3b05e1db744e58b7be857759"},
  "poolboy": {:hex, :poolboy, "1.5.2", "392b007a1693a64540cead79830443abf5762f5d30cf50bc95cb2c1aaafa006b", [:rebar3], [], "hexpm", "dad79704ce5440f3d5a3681c8590b9dc25d1a561e8f5a9c995281012860901e3"},
  "ranch": {:hex, :ranch, "1.6.2", "6db93c78f411ee033dbb18ba8234c5574883acb9a75af0fb90a9b82ea46afa00", [:rebar3], [], "hexpm", "0b65d1de7f1ebe96feb57803c8d698f7776b663ba10b6dcff34527e4a4f8ff43"},
  "shackle": {:git, "https://github.com/lpgauth/shackle.git", "1cf730d86b918df5d390dcfce7f33f49de8e2084", [tag: "0.6.2"]},
  "ssl_verify_fun": {:hex, :ssl_verify_fun, "1.1.4", "f0eafff810d2041e93f915ef59899c923f4568f4585904d010387ed74988e77b", [:make, :mix, :rebar3], [], "hexpm", "603561dc0fd62f4f2ea9b890f4e20e1a0d388746d6e20557cafb1b16950de88c"},
  "timing": {:git, "https://github.com/lpgauth/timing.git", "da494e79795835ef2b958f53b0ef5069b626ebbd", []},
  "unicode_util_compat": {:hex, :unicode_util_compat, "0.4.1", "d869e4c68901dd9531385bb0c8c40444ebf624e60b6962d95952775cac5e90cd", [:rebar3], [], "hexpm", "1d1848c40487cdb0b30e8ed975e34e025860c02e419cb615d255849f3427439d"},
  "worker_pool": {:hex, :worker_pool, "3.1.1", "a9bf27cff366999784a3f0657f016ce3a57901490858cca3fb3be1208bf2110d", [:rebar3], [], "hexpm"},
}
